{
  "lockfileVersion": 1,
  "configVersion": 1,
  "workspaces": {
    "": {
      "dependencies": {
        "htm": "3.0.4",
        "react": "17.0.1",
        "react-apexcharts": "1.4.1",
        "react-dom": "17.0.1",
      },
      "devDependencies": {
        "@types/react": "^18.3.11",
        "@types/react-dom": "^18.3.1",
        "prettier": "^3.3.3",
      },
    },
  },
  "packages": {
    "@svgdotjs/svg.draggable.js": ["@svgdotjs/svg.draggable.js@3.0.6", "", { "peerDependencies": { "@svgdotjs/svg.js": "^3.2.4" } }, "sha512-7iJFm9lL3C40HQcqzEfezK2l+dW2CpoVY3b77KQGqc8GXWa6LhhmX5Ckv7alQfUXBuZbjpICZ+Dvq1czlGx7gA=="],

    "@svgdotjs/svg.filter.js": ["@svgdotjs/svg.filter.js@3.0.9", "", { "dependencies": { "@svgdotjs/svg.js": "^3.2.4" } }, "sha512-/69XMRCDoam2HgC4ldHIaDgeQf1ViHIsa0Ld4uWgiXtZ+E24DWHe/9Ib6kbNiZ7WRIdlVokUDR1Fg0kjIpkfbw=="],

    "@svgdotjs/svg.js": ["@svgdotjs/svg.js@3.2.5", "", {}, "sha512-/VNHWYhNu+BS7ktbYoVGrCmsXDh+chFMaONMwGNdIBcFHrWqk2jY8fNyr3DLdtQUIalvkPfM554ZSFa3dm3nxQ=="],

    "@svgdotjs/svg.resize.js": ["@svgdotjs/svg.resize.js@2.0.5", "", { "peerDependencies": { "@svgdotjs/svg.js": "^3.2.4", "@svgdotjs/svg.select.js": "^4.0.1" } }, "sha512-4heRW4B1QrJeENfi7326lUPYBCevj78FJs8kfeDxn5st0IYPIRXoTtOSYvTzFWgaWWXd3YCDE6ao4fmv91RthA=="],

    "@svgdotjs/svg.select.js": ["@svgdotjs/svg.select.js@4.0.3", "", { "peerDependencies": { "@svgdotjs/svg.js": "^3.2.4" } }, "sha512-qkMgso1sd2hXKd1FZ1weO7ANq12sNmQJeGDjs46QwDVsxSRcHmvWKL2NDF7Yimpwf3sl5esOLkPqtV2bQ3v/Jg=="],

    "@types/prop-types": ["@types/prop-types@15.7.15", "", {}, "sha512-F6bEyamV9jKGAFBEmlQnesRPGOQqS2+Uwi0Em15xenOxHaf2hv6L8YCVn3rPdPJOiJfPiCnLIRyvwVaqMY3MIw=="],

    "@types/react": ["@types/react@18.3.27", "", { "dependencies": { "@types/prop-types": "*", "csstype": "^3.2.2" } }, "sha512-cisd7gxkzjBKU2GgdYrTdtQx1SORymWyaAFhaxQPK9bYO9ot3Y5OikQRvY0VYQtvwjeQnizCINJAenh/V7MK2w=="],

    "@types/react-dom": ["@types/react-dom@18.3.7", "", { "peerDependencies": { "@types/react": "^18.0.0" } }, "sha512-MEe3UeoENYVFXzoXEWsvcpg6ZvlrFNlOQ7EOsvhI3CfAXwzPfO8Qwuxd40nepsYKqyyVQnTdEfv68q91yLcKrQ=="],

    "@yr/monotone-cubic-spline": ["@yr/monotone-cubic-spline@1.0.3", "", {}, "sha512-FQXkOta0XBSUPHndIKON2Y9JeQz5ZeMqLYZVVK93FliNBFm7LNMIZmY6FrMEB9XPcDbE2bekMbZD6kzDkxwYjA=="],

    "apexcharts": ["apexcharts@5.3.6", "", { "dependencies": { "@svgdotjs/svg.draggable.js": "^3.0.4", "@svgdotjs/svg.filter.js": "^3.0.8", "@svgdotjs/svg.js": "^3.2.4", "@svgdotjs/svg.resize.js": "^2.0.2", "@svgdotjs/svg.select.js": "^4.0.1", "@yr/monotone-cubic-spline": "^1.0.3" } }, "sha512-sVEPw+J0Gp0IHQabKu8cfdsxlfME0e36Wid7RIaPclGM2OUt+O7O4+6mfAmTUYhy5bDk8cNHzEhPfVtLCIXEJA=="],

    "csstype": ["csstype@3.2.3", "", {}, "sha512-z1HGKcYy2xA8AGQfwrn0PAy+PB7X/GSj3UVJW9qKyn43xWa+gl5nXmU4qqLMRzWVLFC8KusUX8T/0kCiOYpAIQ=="],

    "htm": ["htm@3.0.4", "", {}, "sha512-VRdvxX3tmrXuT/Ovt59NMp/ORMFi4bceFMDjos1PV4E0mV+5votuID8R60egR9A4U8nLt238R/snlJGz3UYiTQ=="],

    "js-tokens": ["js-tokens@4.0.0", "", {}, "sha512-RdJUflcE3cUzKiMqQgsCu06FPu9UdIJO0beYbPhHN4k6apgJtifcoCtT9bcxOpYBtpD2kCM6Sbzg4CausW/PKQ=="],

    "loose-envify": ["loose-envify@1.4.0", "", { "dependencies": { "js-tokens": "^3.0.0 || ^4.0.0" }, "bin": { "loose-envify": "cli.js" } }, "sha512-lyuxPGr/Wfhrlem2CL/UcnUc1zcqKAImBDzukY7Y5F/yQiNdko6+fRLevlw1HgMySw7f611UIY408EtxRSoK3Q=="],

    "object-assign": ["object-assign@4.1.1", "", {}, "sha512-rJgTQnkUnH1sFw8yT6VSU3zD3sWmu6sZhIseY8VX+GRu3P6F7Fu+JNDoXfklElbLJSnc3FUQHVe4cU5hj+BcUg=="],

    "prettier": ["prettier@3.7.4", "", { "bin": { "prettier": "bin/prettier.cjs" } }, "sha512-v6UNi1+3hSlVvv8fSaoUbggEM5VErKmmpGA7Pl3HF8V6uKY7rvClBOJlH6yNwQtfTueNkGVpOv/mtWL9L4bgRA=="],

    "prop-types": ["prop-types@15.8.1", "", { "dependencies": { "loose-envify": "^1.4.0", "object-assign": "^4.1.1", "react-is": "^16.13.1" } }, "sha512-oj87CgZICdulUohogVAR7AjlC0327U4el4L6eAvOqCeudMDVU0NThNaV+b9Df4dXgSP1gXMTnPdhfe/2qDH5cg=="],

    "react": ["react@17.0.1", "", { "dependencies": { "loose-envify": "^1.1.0", "object-assign": "^4.1.1" } }, "sha512-lG9c9UuMHdcAexXtigOZLX8exLWkW0Ku29qPRU8uhF2R9BN96dLCt0psvzPLlHc5OWkgymP3qwTRgbnw5BKx3w=="],

    "react-apexcharts": ["react-apexcharts@1.4.1", "", { "dependencies": { "prop-types": "^15.8.1" }, "peerDependencies": { "apexcharts": "^3.41.0", "react": ">=0.13" } }, "sha512-G14nVaD64Bnbgy8tYxkjuXEUp/7h30Q0U33xc3AwtGFijJB9nHqOt1a6eG0WBn055RgRg+NwqbKGtqPxy15d0Q=="],

    "react-dom": ["react-dom@17.0.1", "", { "dependencies": { "loose-envify": "^1.1.0", "object-assign": "^4.1.1", "scheduler": "^0.20.1" }, "peerDependencies": { "react": "17.0.1" } }, "sha512-6eV150oJZ9U2t9svnsspTMrWNyHc6chX0KzDeAOXftRa8bNeOKTTfCJ7KorIwenkHd2xqVTBTCZd79yk/lx/Ug=="],

    "react-is": ["react-is@16.13.1", "", {}, "sha512-24e6ynE2H+OKt4kqsOvNd8kBpV65zoxbA4BVsEOB3ARVWQki/DHzaUoC5KuON/BiccDaCCTZBuOcfZs70kR8bQ=="],

    "scheduler": ["scheduler@0.20.2", "", { "dependencies": { "loose-envify": "^1.1.0", "object-assign": "^4.1.1" } }, "sha512-2eWfGgAqqWFGqtdMmcL5zCMK1U8KlXv8SQFGglL3CEtd0aDVDWgeF/YoCmvln55m5zSk3J/20hTaSBeSObsQDQ=="],
  }
}
